PODS:
  - FSPagerView (0.8.3)
  - Kingfisher (8.3.2)
  - SnapKit (5.7.1)
  - ViewPager-Swift (2.0.2)

DEPENDENCIES:
  - FSPagerView
  - Kingfisher
  - SnapKit
  - ViewPager-Swift

SPEC REPOS:
  trunk:
    - FSPagerView
    - Kingfisher
    - SnapKit
    - ViewPager-Swift

SPEC CHECKSUMS:
  FSPagerView: 670405b2f18e2a87fa37f20b00de783e562c25a8
  Kingfisher: 0621d0ac0c78fecb19f6dc5303bde2b52abaf2f5
  SnapKit: d612e99e678a2d3b95bf60b0705ed0a35c03484a
  ViewPager-Swift: 92fa2a54d56998c85526eaaafc4b7b3f4830ca36

PODFILE CHECKSUM: a8f0c40727ac12a55048cd49bea5847dd52b5026

COCOAPODS: 1.16.2
